// !$*UTF8*$!
{
	archiveVersion = 1;
	classes = {
	};
	objectVersion = 46;
	objects = {

/* Begin PBXBuildFile section */
		D6455DC11B145CA90010805B /* main.m in Sources */ = {isa = PBXBuildFile; fileRef = D6455DC01B145CA90010805B /* main.m */; };
		D6455DC41B145CA90010805B /* AppDelegate.m in Sources */ = {isa = PBXBuildFile; fileRef = D6455DC31B145CA90010805B /* AppDelegate.m */; };
		D6455DC71B145CA90010805B /* ViewController.m in Sources */ = {isa = PBXBuildFile; fileRef = D6455DC61B145CA90010805B /* ViewController.m */; };
		D6455DCA1B145CA90010805B /* Main.storyboard in Resources */ = {isa = PBXBuildFile; fileRef = D6455DC81B145CA90010805B /* Main.storyboard */; };
		D6455DCC1B145CA90010805B /* Images.xcassets in Resources */ = {isa = PBXBuildFile; fileRef = D6455DCB1B145CA90010805B /* Images.xcassets */; };
		D6455DCF1B145CA90010805B /* LaunchScreen.xib in Resources */ = {isa = PBXBuildFile; fileRef = D6455DCD1B145CA90010805B /* LaunchScreen.xib */; };
		D6455DDB1B145CA90010805B /* recordInnerTests.m in Sources */ = {isa = PBXBuildFile; fileRef = D6455DDA1B145CA90010805B /* recordInnerTests.m */; };
		D6455DE61B145D850010805B /* RecordScreenTool.m in Sources */ = {isa = PBXBuildFile; fileRef = D6455DE51B145D850010805B /* RecordScreenTool.m */; };
		D6455DE91B1462460010805B /* RecordScreenManager.m in Sources */ = {isa = PBXBuildFile; fileRef = D6455DE81B1462460010805B /* RecordScreenManager.m */; };
		D6455DED1B14695E0010805B /* UIDevice+Hardware.m in Sources */ = {isa = PBXBuildFile; fileRef = D6455DEC1B14695E0010805B /* UIDevice+Hardware.m */; };
/* End PBXBuildFile section */

/* Begin PBXContainerItemProxy section */
		D6455DD51B145CA90010805B /* PBXContainerItemProxy */ = {
			isa = PBXContainerItemProxy;
			containerPortal = D6455DB31B145CA90010805B /* Project object */;
			proxyType = 1;
			remoteGlobalIDString = D6455DBA1B145CA90010805B;
			remoteInfo = recordInner;
		};
/* End PBXContainerItemProxy section */

/* Begin PBXFileReference section */
		D6455DBB1B145CA90010805B /* recordInner.app */ = {isa = PBXFileReference; explicitFileType = wrapper.application; includeInIndex = 0; path = recordInner.app; sourceTree = BUILT_PRODUCTS_DIR; };
		D6455DBF1B145CA90010805B /* Info.plist */ = {isa = PBXFileReference; lastKnownFileType = text.plist.xml; path = Info.plist; sourceTree = "<group>"; };
		D6455DC01B145CA90010805B /* main.m */ = {isa = PBXFileReference; lastKnownFileType = sourcecode.c.objc; path = main.m; sourceTree = "<group>"; };
		D6455DC21B145CA90010805B /* AppDelegate.h */ = {isa = PBXFileReference; lastKnownFileType = sourcecode.c.h; path = AppDelegate.h; sourceTree = "<group>"; };
		D6455DC31B145CA90010805B /* AppDelegate.m */ = {isa = PBXFileReference; lastKnownFileType = sourcecode.c.objc; path = AppDelegate.m; sourceTree = "<group>"; };
		D6455DC51B145CA90010805B /* ViewController.h */ = {isa = PBXFileReference; lastKnownFileType = sourcecode.c.h; path = ViewController.h; sourceTree = "<group>"; };
		D6455DC61B145CA90010805B /* ViewController.m */ = {isa = PBXFileReference; lastKnownFileType = sourcecode.c.objc; path = ViewController.m; sourceTree = "<group>"; };
		D6455DC91B145CA90010805B /* Base */ = {isa = PBXFileReference; lastKnownFileType = file.storyboard; name = Base; path = Base.lproj/Main.storyboard; sourceTree = "<group>"; };
		D6455DCB1B145CA90010805B /* Images.xcassets */ = {isa = PBXFileReference; lastKnownFileType = folder.assetcatalog; path = Images.xcassets; sourceTree = "<group>"; };
		D6455DCE1B145CA90010805B /* Base */ = {isa = PBXFileReference; lastKnownFileType = file.xib; name = Base; path = Base.lproj/LaunchScreen.xib; sourceTree = "<group>"; };
		D6455DD41B145CA90010805B /* recordInnerTests.xctest */ = {isa = PBXFileReference; explicitFileType = wrapper.cfbundle; includeInIndex = 0; path = recordInnerTests.xctest; sourceTree = BUILT_PRODUCTS_DIR; };
		D6455DD91B145CA90010805B /* Info.plist */ = {isa = PBXFileReference; lastKnownFileType = text.plist.xml; path = Info.plist; sourceTree = "<group>"; };
		D6455DDA1B145CA90010805B /* recordInnerTests.m */ = {isa = PBXFileReference; lastKnownFileType = sourcecode.c.objc; path = recordInnerTests.m; sourceTree = "<group>"; };
		D6455DE41B145D850010805B /* RecordScreenTool.h */ = {isa = PBXFileReference; fileEncoding = 4; lastKnownFileType = sourcecode.c.h; path = RecordScreenTool.h; sourceTree = "<group>"; };
		D6455DE51B145D850010805B /* RecordScreenTool.m */ = {isa = PBXFileReference; fileEncoding = 4; lastKnownFileType = sourcecode.c.objc; path = RecordScreenTool.m; sourceTree = "<group>"; };
		D6455DE71B1462460010805B /* RecordScreenManager.h */ = {isa = PBXFileReference; fileEncoding = 4; lastKnownFileType = sourcecode.c.h; path = RecordScreenManager.h; sourceTree = "<group>"; };
		D6455DE81B1462460010805B /* RecordScreenManager.m */ = {isa = PBXFileReference; fileEncoding = 4; lastKnownFileType = sourcecode.c.objc; path = RecordScreenManager.m; sourceTree = "<group>"; };
		D6455DEB1B14695E0010805B /* UIDevice+Hardware.h */ = {isa = PBXFileReference; fileEncoding = 4; lastKnownFileType = sourcecode.c.h; path = "UIDevice+Hardware.h"; sourceTree = "<group>"; };
		D6455DEC1B14695E0010805B /* UIDevice+Hardware.m */ = {isa = PBXFileReference; fileEncoding = 4; lastKnownFileType = sourcecode.c.objc; path = "UIDevice+Hardware.m"; sourceTree = "<group>"; };
		D6455E971B1482530010805B /* CoreSurface.h */ = {isa = PBXFileReference; fileEncoding = 4; lastKnownFileType = sourcecode.c.h; path = CoreSurface.h; sourceTree = "<group>"; };
		D6455E991B1482530010805B /* IOSurface.h */ = {isa = PBXFileReference; fileEncoding = 4; lastKnownFileType = sourcecode.c.h; path = IOSurface.h; sourceTree = "<group>"; };
		D6455E9A1B1482530010805B /* IOSurfaceAPI.h */ = {isa = PBXFileReference; fileEncoding = 4; lastKnownFileType = sourcecode.c.h; path = IOSurfaceAPI.h; sourceTree = "<group>"; };
		D6455E9B1B1482530010805B /* IOSurfaceBase.h */ = {isa = PBXFileReference; fileEncoding = 4; lastKnownFileType = sourcecode.c.h; path = IOSurfaceBase.h; sourceTree = "<group>"; };
		D6455E9D1B1482530010805B /* IOBSD.h */ = {isa = PBXFileReference; fileEncoding = 4; lastKnownFileType = sourcecode.c.h; path = IOBSD.h; sourceTree = "<group>"; };
		D6455E9E1B1482530010805B /* IOCFBundle.h */ = {isa = PBXFileReference; fileEncoding = 4; lastKnownFileType = sourcecode.c.h; path = IOCFBundle.h; sourceTree = "<group>"; };
		D6455E9F1B1482530010805B /* IOCFPlugIn.h */ = {isa = PBXFileReference; fileEncoding = 4; lastKnownFileType = sourcecode.c.h; path = IOCFPlugIn.h; sourceTree = "<group>"; };
		D6455EA01B1482530010805B /* IOCFSerialize.h */ = {isa = PBXFileReference; fileEncoding = 4; lastKnownFileType = sourcecode.c.h; path = IOCFSerialize.h; sourceTree = "<group>"; };
		D6455EA11B1482530010805B /* IOCFUnserialize.h */ = {isa = PBXFileReference; fileEncoding = 4; lastKnownFileType = sourcecode.c.h; path = IOCFUnserialize.h; sourceTree = "<group>"; };
		D6455EA21B1482530010805B /* IOCFURLAccess.h */ = {isa = PBXFileReference; fileEncoding = 4; lastKnownFileType = sourcecode.c.h; path = IOCFURLAccess.h; sourceTree = "<group>"; };
		D6455EA31B1482530010805B /* IODataQueueClient.h */ = {isa = PBXFileReference; fileEncoding = 4; lastKnownFileType = sourcecode.c.h; path = IODataQueueClient.h; sourceTree = "<group>"; };
		D6455EA41B1482530010805B /* IODataQueueShared.h */ = {isa = PBXFileReference; fileEncoding = 4; lastKnownFileType = sourcecode.c.h; path = IODataQueueShared.h; sourceTree = "<group>"; };
		D6455EA51B1482530010805B /* IOKitKeys.h */ = {isa = PBXFileReference; fileEncoding = 4; lastKnownFileType = sourcecode.c.h; path = IOKitKeys.h; sourceTree = "<group>"; };
		D6455EA61B1482530010805B /* IOKitLib.h */ = {isa = PBXFileReference; fileEncoding = 4; lastKnownFileType = sourcecode.c.h; path = IOKitLib.h; sourceTree = "<group>"; };
		D6455EA71B1482530010805B /* iokitmig.h */ = {isa = PBXFileReference; fileEncoding = 4; lastKnownFileType = sourcecode.c.h; path = iokitmig.h; sourceTree = "<group>"; };
		D6455EA81B1482530010805B /* IOKitServer.h */ = {isa = PBXFileReference; fileEncoding = 4; lastKnownFileType = sourcecode.c.h; path = IOKitServer.h; sourceTree = "<group>"; };
		D6455EA91B1482530010805B /* IOMessage.h */ = {isa = PBXFileReference; fileEncoding = 4; lastKnownFileType = sourcecode.c.h; path = IOMessage.h; sourceTree = "<group>"; };
		D6455EAA1B1482530010805B /* IOReturn.h */ = {isa = PBXFileReference; fileEncoding = 4; lastKnownFileType = sourcecode.c.h; path = IOReturn.h; sourceTree = "<group>"; };
		D6455EAB1B1482530010805B /* IOSharedLock.h */ = {isa = PBXFileReference; fileEncoding = 4; lastKnownFileType = sourcecode.c.h; path = IOSharedLock.h; sourceTree = "<group>"; };
		D6455EAC1B1482530010805B /* IOTypes.h */ = {isa = PBXFileReference; fileEncoding = 4; lastKnownFileType = sourcecode.c.h; path = IOTypes.h; sourceTree = "<group>"; };
		D6455EAD1B1482530010805B /* OSMessageNotification.h */ = {isa = PBXFileReference; fileEncoding = 4; lastKnownFileType = sourcecode.c.h; path = OSMessageNotification.h; sourceTree = "<group>"; };
		D6455EAE1B1482530010805B /* IOMobileFrameBuffer.h */ = {isa = PBXFileReference; fileEncoding = 4; lastKnownFileType = sourcecode.c.h; path = IOMobileFrameBuffer.h; sourceTree = "<group>"; };
		D6455EAF1B1482530010805B /* IOSurfaceAccelerator.h */ = {isa = PBXFileReference; fileEncoding = 4; lastKnownFileType = sourcecode.c.h; path = IOSurfaceAccelerator.h; sourceTree = "<group>"; };
/* End PBXFileReference section */

/* Begin PBXFrameworksBuildPhase section */
		D6455DB81B145CA90010805B /* Frameworks */ = {
			isa = PBXFrameworksBuildPhase;
			buildActionMask = 2147483647;
			files = (
			);
			runOnlyForDeploymentPostprocessing = 0;
		};
		D6455DD11B145CA90010805B /* Frameworks */ = {
			isa = PBXFrameworksBuildPhase;
			buildActionMask = 2147483647;
			files = (
			);
			runOnlyForDeploymentPostprocessing = 0;
		};
/* End PBXFrameworksBuildPhase section */

/* Begin PBXGroup section */
		D6455DB21B145CA90010805B = {
			isa = PBXGroup;
			children = (
				D6455DBD1B145CA90010805B /* recordInner */,
				D6455DD71B145CA90010805B /* recordInnerTests */,
				D6455DBC1B145CA90010805B /* Products */,
			);
			sourceTree = "<group>";
		};
		D6455DBC1B145CA90010805B /* Products */ = {
			isa = PBXGroup;
			children = (
				D6455DBB1B145CA90010805B /* recordInner.app */,
				D6455DD41B145CA90010805B /* recordInnerTests.xctest */,
			);
			name = Products;
			sourceTree = "<group>";
		};
		D6455DBD1B145CA90010805B /* recordInner */ = {
			isa = PBXGroup;
			children = (
				D6455E951B1482530010805B /* PrivateFrameworks */,
				D6455DEA1B14695E0010805B /* UIDevice+Hardware */,
				D6455DC21B145CA90010805B /* AppDelegate.h */,
				D6455DC31B145CA90010805B /* AppDelegate.m */,
				D6455DC51B145CA90010805B /* ViewController.h */,
				D6455DC61B145CA90010805B /* ViewController.m */,
				D6455DC81B145CA90010805B /* Main.storyboard */,
				D6455DCB1B145CA90010805B /* Images.xcassets */,
				D6455DCD1B145CA90010805B /* LaunchScreen.xib */,
				D6455DBE1B145CA90010805B /* Supporting Files */,
				D6455DE41B145D850010805B /* RecordScreenTool.h */,
				D6455DE51B145D850010805B /* RecordScreenTool.m */,
				D6455DE71B1462460010805B /* RecordScreenManager.h */,
				D6455DE81B1462460010805B /* RecordScreenManager.m */,
			);
			path = recordInner;
			sourceTree = "<group>";
		};
		D6455DBE1B145CA90010805B /* Supporting Files */ = {
			isa = PBXGroup;
			children = (
				D6455DBF1B145CA90010805B /* Info.plist */,
				D6455DC01B145CA90010805B /* main.m */,
			);
			name = "Supporting Files";
			sourceTree = "<group>";
		};
		D6455DD71B145CA90010805B /* recordInnerTests */ = {
			isa = PBXGroup;
			children = (
				D6455DDA1B145CA90010805B /* recordInnerTests.m */,
				D6455DD81B145CA90010805B /* Supporting Files */,
			);
			path = recordInnerTests;
			sourceTree = "<group>";
		};
		D6455DD81B145CA90010805B /* Supporting Files */ = {
			isa = PBXGroup;
			children = (
				D6455DD91B145CA90010805B /* Info.plist */,
			);
			name = "Supporting Files";
			sourceTree = "<group>";
		};
		D6455DEA1B14695E0010805B /* UIDevice+Hardware */ = {
			isa = PBXGroup;
			children = (
				D6455DEB1B14695E0010805B /* UIDevice+Hardware.h */,
				D6455DEC1B14695E0010805B /* UIDevice+Hardware.m */,
			);
			path = "UIDevice+Hardware";
			sourceTree = "<group>";
		};
		D6455E951B1482530010805B /* PrivateFrameworks */ = {
			isa = PBXGroup;
			children = (
				D6455E961B1482530010805B /* CoreSurface */,
				D6455E981B1482530010805B /* Headers */,
				D6455E9C1B1482530010805B /* IOKit */,
				D6455EAE1B1482530010805B /* IOMobileFrameBuffer.h */,
				D6455EAF1B1482530010805B /* IOSurfaceAccelerator.h */,
			);
			path = PrivateFrameworks;
			sourceTree = "<group>";
		};
		D6455E961B1482530010805B /* CoreSurface */ = {
			isa = PBXGroup;
			children = (
				D6455E971B1482530010805B /* CoreSurface.h */,
			);
			path = CoreSurface;
			sourceTree = "<group>";
		};
		D6455E981B1482530010805B /* Headers */ = {
			isa = PBXGroup;
			children = (
				D6455E991B1482530010805B /* IOSurface.h */,
				D6455E9A1B1482530010805B /* IOSurfaceAPI.h */,
				D6455E9B1B1482530010805B /* IOSurfaceBase.h */,
			);
			path = Headers;
			sourceTree = "<group>";
		};
		D6455E9C1B1482530010805B /* IOKit */ = {
			isa = PBXGroup;
			children = (
				D6455E9D1B1482530010805B /* IOBSD.h */,
				D6455E9E1B1482530010805B /* IOCFBundle.h */,
				D6455E9F1B1482530010805B /* IOCFPlugIn.h */,
				D6455EA01B1482530010805B /* IOCFSerialize.h */,
				D6455EA11B1482530010805B /* IOCFUnserialize.h */,
				D6455EA21B1482530010805B /* IOCFURLAccess.h */,
				D6455EA31B1482530010805B /* IODataQueueClient.h */,
				D6455EA41B1482530010805B /* IODataQueueShared.h */,
				D6455EA51B1482530010805B /* IOKitKeys.h */,
				D6455EA61B1482530010805B /* IOKitLib.h */,
				D6455EA71B1482530010805B /* iokitmig.h */,
				D6455EA81B1482530010805B /* IOKitServer.h */,
				D6455EA91B1482530010805B /* IOMessage.h */,
				D6455EAA1B1482530010805B /* IOReturn.h */,
				D6455EAB1B1482530010805B /* IOSharedLock.h */,
				D6455EAC1B1482530010805B /* IOTypes.h */,
				D6455EAD1B1482530010805B /* OSMessageNotification.h */,
			);
			path = IOKit;
			sourceTree = "<group>";
		};
/* End PBXGroup section */

/* Begin PBXNativeTarget section */
		D6455DBA1B145CA90010805B /* recordInner */ = {
			isa = PBXNativeTarget;
			buildConfigurationList = D6455DDE1B145CA90010805B /* Build configuration list for PBXNativeTarget "recordInner" */;
			buildPhases = (
				D6455DB71B145CA90010805B /* Sources */,
				D6455DB81B145CA90010805B /* Frameworks */,
				D6455DB91B145CA90010805B /* Resources */,
			);
			buildRules = (
			);
			dependencies = (
			);
			name = recordInner;
			productName = recordInner;
			productReference = D6455DBB1B145CA90010805B /* recordInner.app */;
			productType = "com.apple.product-type.application";
		};
		D6455DD31B145CA90010805B /* recordInnerTests */ = {
			isa = PBXNativeTarget;
			buildConfigurationList = D6455DE11B145CA90010805B /* Build configuration list for PBXNativeTarget "recordInnerTests" */;
			buildPhases = (
				D6455DD01B145CA90010805B /* Sources */,
				D6455DD11B145CA90010805B /* Frameworks */,
				D6455DD21B145CA90010805B /* Resources */,
			);
			buildRules = (
			);
			dependencies = (
				D6455DD61B145CA90010805B /* PBXTargetDependency */,
			);
			name = recordInnerTests;
			productName = recordInnerTests;
			productReference = D6455DD41B145CA90010805B /* recordInnerTests.xctest */;
			productType = "com.apple.product-type.bundle.unit-test";
		};
/* End PBXNativeTarget section */

/* Begin PBXProject section */
		D6455DB31B145CA90010805B /* Project object */ = {
			isa = PBXProject;
			attributes = {
				LastUpgradeCheck = 0630;
				ORGANIZATIONNAME = Lightning;
				TargetAttributes = {
					D6455DBA1B145CA90010805B = {
						CreatedOnToolsVersion = 6.3;
					};
					D6455DD31B145CA90010805B = {
						CreatedOnToolsVersion = 6.3;
						TestTargetID = D6455DBA1B145CA90010805B;
					};
				};
			};
			buildConfigurationList = D6455DB61B145CA90010805B /* Build configuration list for PBXProject "recordInner" */;
			compatibilityVersion = "Xcode 3.2";
			developmentRegion = English;
			hasScannedForEncodings = 0;
			knownRegions = (
				en,
				Base,
			);
			mainGroup = D6455DB21B145CA90010805B;
			productRefGroup = D6455DBC1B145CA90010805B /* Products */;
			projectDirPath = "";
			projectRoot = "";
			targets = (
				D6455DBA1B145CA90010805B /* recordInner */,
				D6455DD31B145CA90010805B /* recordInnerTests */,
			);
		};
/* End PBXProject section */

/* Begin PBXResourcesBuildPhase section */
		D6455DB91B145CA90010805B /* Resources */ = {
			isa = PBXResourcesBuildPhase;
			buildActionMask = 2147483647;
			files = (
				D6455DCA1B145CA90010805B /* Main.storyboard in Resources */,
				D6455DCF1B145CA90010805B /* LaunchScreen.xib in Resources */,
				D6455DCC1B145CA90010805B /* Images.xcassets in Resources */,
			);
			runOnlyForDeploymentPostprocessing = 0;
		};
		D6455DD21B145CA90010805B /* Resources */ = {
			isa = PBXResourcesBuildPhase;
			buildActionMask = 2147483647;
			files = (
			);
			runOnlyForDeploymentPostprocessing = 0;
		};
/* End PBXResourcesBuildPhase section */

/* Begin PBXSourcesBuildPhase section */
		D6455DB71B145CA90010805B /* Sources */ = {
			isa = PBXSourcesBuildPhase;
			buildActionMask = 2147483647;
			files = (
				D6455DC71B145CA90010805B /* ViewController.m in Sources */,
				D6455DE91B1462460010805B /* RecordScreenManager.m in Sources */,
				D6455DC41B145CA90010805B /* AppDelegate.m in Sources */,
				D6455DED1B14695E0010805B /* UIDevice+Hardware.m in Sources */,
				D6455DE61B145D850010805B /* RecordScreenTool.m in Sources */,
				D6455DC11B145CA90010805B /* main.m in Sources */,
			);
			runOnlyForDeploymentPostprocessing = 0;
		};
		D6455DD01B145CA90010805B /* Sources */ = {
			isa = PBXSourcesBuildPhase;
			buildActionMask = 2147483647;
			files = (
				D6455DDB1B145CA90010805B /* recordInnerTests.m in Sources */,
			);
			runOnlyForDeploymentPostprocessing = 0;
		};
/* End PBXSourcesBuildPhase section */

/* Begin PBXTargetDependency section */
		D6455DD61B145CA90010805B /* PBXTargetDependency */ = {
			isa = PBXTargetDependency;
			target = D6455DBA1B145CA90010805B /* recordInner */;
			targetProxy = D6455DD51B145CA90010805B /* PBXContainerItemProxy */;
		};
/* End PBXTargetDependency section */

/* Begin PBXVariantGroup section */
		D6455DC81B145CA90010805B /* Main.storyboard */ = {
			isa = PBXVariantGroup;
			children = (
				D6455DC91B145CA90010805B /* Base */,
			);
			name = Main.storyboard;
			sourceTree = "<group>";
		};
		D6455DCD1B145CA90010805B /* LaunchScreen.xib */ = {
			isa = PBXVariantGroup;
			children = (
				D6455DCE1B145CA90010805B /* Base */,
			);
			name = LaunchScreen.xib;
			sourceTree = "<group>";
		};
/* End PBXVariantGroup section */

/* Begin XCBuildConfiguration section */
		D6455DDC1B145CA90010805B /* Debug */ = {
			isa = XCBuildConfiguration;
			buildSettings = {
				ALWAYS_SEARCH_USER_PATHS = NO;
				CLANG_CXX_LANGUAGE_STANDARD = "gnu++0x";
				CLANG_CXX_LIBRARY = "libc++";
				CLANG_ENABLE_MODULES = YES;
				CLANG_ENABLE_OBJC_ARC = YES;
				CLANG_WARN_BOOL_CONVERSION = YES;
				CLANG_WARN_CONSTANT_CONVERSION = YES;
				CLANG_WARN_DIRECT_OBJC_ISA_USAGE = YES_ERROR;
				CLANG_WARN_EMPTY_BODY = YES;
				CLANG_WARN_ENUM_CONVERSION = YES;
				CLANG_WARN_INT_CONVERSION = YES;
				CLANG_WARN_OBJC_ROOT_CLASS = YES_ERROR;
				CLANG_WARN_UNREACHABLE_CODE = YES;
				CLANG_WARN__DUPLICATE_METHOD_MATCH = YES;
				"CODE_SIGN_IDENTITY[sdk=iphoneos*]" = "iPhone Developer";
				COPY_PHASE_STRIP = NO;
				DEBUG_INFORMATION_FORMAT = "dwarf-with-dsym";
				ENABLE_STRICT_OBJC_MSGSEND = YES;
				GCC_C_LANGUAGE_STANDARD = gnu99;
				GCC_DYNAMIC_NO_PIC = NO;
				GCC_NO_COMMON_BLOCKS = YES;
				GCC_OPTIMIZATION_LEVEL = 0;
				GCC_PREPROCESSOR_DEFINITIONS = (
					"DEBUG=1",
					"$(inherited)",
				);
				GCC_SYMBOLS_PRIVATE_EXTERN = NO;
				GCC_WARN_64_TO_32_BIT_CONVERSION = YES;
				GCC_WARN_ABOUT_RETURN_TYPE = YES_ERROR;
				GCC_WARN_UNDECLARED_SELECTOR = YES;
				GCC_WARN_UNINITIALIZED_AUTOS = YES_AGGRESSIVE;
				GCC_WARN_UNUSED_FUNCTION = YES;
				GCC_WARN_UNUSED_VARIABLE = YES;
				IPHONEOS_DEPLOYMENT_TARGET = 8.3;
				MTL_ENABLE_DEBUG_INFO = YES;
				ONLY_ACTIVE_ARCH = YES;
				SDKROOT = iphoneos;
				TARGETED_DEVICE_FAMILY = "1,2";
			};
			name = Debug;
		};
		D6455DDD1B145CA90010805B /* Release */ = {
			isa = XCBuildConfiguration;
			buildSettings = {
				ALWAYS_SEARCH_USER_PATHS = NO;
				CLANG_CXX_LANGUAGE_STANDARD = "gnu++0x";
				CLANG_CXX_LIBRARY = "libc++";
				CLANG_ENABLE_MODULES = YES;
				CLANG_ENABLE_OBJC_ARC = YES;
				CLANG_WARN_BOOL_CONVERSION = YES;
				CLANG_WARN_CONSTANT_CONVERSION = YES;
				CLANG_WARN_DIRECT_OBJC_ISA_USAGE = YES_ERROR;
				CLANG_WARN_EMPTY_BODY = YES;
				CLANG_WARN_ENUM_CONVERSION = YES;
				CLANG_WARN_INT_CONVERSION = YES;
				CLANG_WARN_OBJC_ROOT_CLASS = YES_ERROR;
				CLANG_WARN_UNREACHABLE_CODE = YES;
				CLANG_WARN__DUPLICATE_METHOD_MATCH = YES;
				"CODE_SIGN_IDENTITY[sdk=iphoneos*]" = "iPhone Developer";
				COPY_PHASE_STRIP = NO;
				DEBUG_INFORMATION_FORMAT = "dwarf-with-dsym";
				ENABLE_NS_ASSERTIONS = NO;
				ENABLE_STRICT_OBJC_MSGSEND = YES;
				GCC_C_LANGUAGE_STANDARD = gnu99;
				GCC_NO_COMMON_BLOCKS = YES;
				GCC_WARN_64_TO_32_BIT_CONVERSION = YES;
				GCC_WARN_ABOUT_RETURN_TYPE = YES_ERROR;
				GCC_WARN_UNDECLARED_SELECTOR = YES;
				GCC_WARN_UNINITIALIZED_AUTOS = YES_AGGRESSIVE;
				GCC_WARN_UNUSED_FUNCTION = YES;
				GCC_WARN_UNUSED_VARIABLE = YES;
				IPHONEOS_DEPLOYMENT_TARGET = 8.3;
				MTL_ENABLE_DEBUG_INFO = NO;
				SDKROOT = iphoneos;
				TARGETED_DEVICE_FAMILY = "1,2";
				VALIDATE_PRODUCT = YES;
			};
			name = Release;
		};
		D6455DDF1B145CA90010805B /* Debug */ = {
			isa = XCBuildConfiguration;
			buildSettings = {
				ASSETCATALOG_COMPILER_APPICON_NAME = AppIcon;
				FRAMEWORK_SEARCH_PATHS = (
					"$(inherited)",
					"\"$(SDKROOT)$(SYSTEM_LIBRARY_DIR)/PrivateFrameworks\"",
					"\"$(SRCROOT)\"",
				);
				HEADER_SEARCH_PATHS = (
					"$(inherited)",
					/Applications/Xcode.app/Contents/Developer/Toolchains/XcodeDefault.xctoolchain/usr/include,
					"\"$(SRCROOT)/recordInner/PrivateFrameworks/\"",
				);
				INFOPLIST_FILE = recordInner/Info.plist;
				IPHONEOS_DEPLOYMENT_TARGET = 6.0;
				LD_RUNPATH_SEARCH_PATHS = "$(inherited) @executable_path/Frameworks";
				OTHER_LDFLAGS = (
					"-ObjC",
					"-framework",
					IOKit,
					"-framework",
					CoreSurface,
					"-framework",
					IOSurface,
					"-framework",
					IOMobileFramebuffer,
				);
				OTHER_LIBTOOLFLAGS = "";
				PRODUCT_NAME = "$(TARGET_NAME)";
			};
			name = Debug;
		};
		D6455DE01B145CA90010805B /* Release */ = {
			isa = XCBuildConfiguration;
			buildSettings = {
				ASSETCATALOG_COMPILER_APPICON_NAME = AppIcon;
				FRAMEWORK_SEARCH_PATHS = (
					"$(inherited)",
					"\"$(SDKROOT)$(SYSTEM_LIBRARY_DIR)/PrivateFrameworks\"",
					"\"$(SRCROOT)\"",
				);
				HEADER_SEARCH_PATHS = (
					"$(inherited)",
					/Applications/Xcode.app/Contents/Developer/Toolchains/XcodeDefault.xctoolchain/usr/include,
					"\"$(SRCROOT)/recordInner/PrivateFrameworks/\"",
				);
				INFOPLIST_FILE = recordInner/Info.plist;
				IPHONEOS_DEPLOYMENT_TARGET = 6.0;
				LD_RUNPATH_SEARCH_PATHS = "$(inherited) @executable_path/Frameworks";
				OTHER_LDFLAGS = (
					"-ObjC",
					"-framework",
					IOKit,
					"-framework",
					CoreSurface,
					"-framework",
					IOSurface,
					"-framework",
					IOMobileFramebuffer,
				);
				OTHER_LIBTOOLFLAGS = "";
				PRODUCT_NAME = "$(TARGET_NAME)";
			};
			name = Release;
		};
		D6455DE21B145CA90010805B /* Debug */ = {
			isa = XCBuildConfiguration;
			buildSettings = {
				BUNDLE_LOADER = "$(TEST_HOST)";
				FRAMEWORK_SEARCH_PATHS = (
					"$(SDKROOT)/Developer/Library/Frameworks",
					"$(inherited)",
				);
				GCC_PREPROCESSOR_DEFINITIONS = (
					"DEBUG=1",
					"$(inherited)",
				);
				INFOPLIST_FILE = recordInnerTests/Info.plist;
				LD_RUNPATH_SEARCH_PATHS = "$(inherited) @executable_path/Frameworks @loader_path/Frameworks";
				PRODUCT_NAME = "$(TARGET_NAME)";
				TEST_HOST = "$(BUILT_PRODUCTS_DIR)/recordInner.app/recordInner";
			};
			name = Debug;
		};
		D6455DE31B145CA90010805B /* Release */ = {
			isa = XCBuildConfiguration;
			buildSettings = {
				BUNDLE_LOADER = "$(TEST_HOST)";
				FRAMEWORK_SEARCH_PATHS = (
					"$(SDKROOT)/Developer/Library/Frameworks",
					"$(inherited)",
				);
				INFOPLIST_FILE = recordInnerTests/Info.plist;
				LD_RUNPATH_SEARCH_PATHS = "$(inherited) @executable_path/Frameworks @loader_path/Frameworks";
				PRODUCT_NAME = "$(TARGET_NAME)";
				TEST_HOST = "$(BUILT_PRODUCTS_DIR)/recordInner.app/recordInner";
			};
			name = Release;
		};
/* End XCBuildConfiguration section */

/* Begin XCConfigurationList section */
		D6455DB61B145CA90010805B /* Build configuration list for PBXProject "recordInner" */ = {
			isa = XCConfigurationList;
			buildConfigurations = (
				D6455DDC1B145CA90010805B /* Debug */,
				D6455DDD1B145CA90010805B /* Release */,
			);
			defaultConfigurationIsVisible = 0;
			defaultConfigurationName = Release;
		};
		D6455DDE1B145CA90010805B /* Build configuration list for PBXNativeTarget "recordInner" */ = {
			isa = XCConfigurationList;
			buildConfigurations = (
				D6455DDF1B145CA90010805B /* Debug */,
				D6455DE01B145CA90010805B /* Release */,
			);
			defaultConfigurationIsVisible = 0;
		};
		D6455DE11B145CA90010805B /* Build configuration list for PBXNativeTarget "recordInnerTests" */ = {
			isa = XCConfigurationList;
			buildConfigurations = (
				D6455DE21B145CA90010805B /* Debug */,
				D6455DE31B145CA90010805B /* Release */,
			);
			defaultConfigurationIsVisible = 0;
		};
/* End XCConfigurationList section */
	};
	rootObject = D6455DB31B145CA90010805B /* Project object */;
}
